// !$*UTF8*$!
{
	archiveVersion = 1;
	classes = {
	};
	objectVersion = 50;
	objects = {

/* Begin PBXBuildFile section */
		52DEFE3E2339124E005B3464 /* AppDelegate.swift in Sources */ = {isa = PBXBuildFile; fileRef = 52DEFE3D2339124E005B3464 /* AppDelegate.swift */; };
		52DEFE402339124E005B3464 /* ViewController.swift in Sources */ = {isa = PBXBuildFile; fileRef = 52DEFE3F2339124E005B3464 /* ViewController.swift */; };
		52DEFE432339124E005B3464 /* Main.storyboard in Resources */ = {isa = PBXBuildFile; fileRef = 52DEFE412339124E005B3464 /* Main.storyboard */; };
		52DEFE482339124F005B3464 /* LaunchScreen.storyboard in Resources */ = {isa = PBXBuildFile; fileRef = 52DEFE462339124F005B3464 /* LaunchScreen.storyboard */; };
		52DEFE5023391F7E005B3464 /* UnitDataTableViewCell.swift in Sources */ = {isa = PBXBuildFile; fileRef = 52DEFE4F23391F7E005B3464 /* UnitDataTableViewCell.swift */; };
		52E8672A233E46DF00641945 /* Assets 3.xcassets in Resources */ = {isa = PBXBuildFile; fileRef = 52E86729233E46DF00641945 /* Assets 3.xcassets */; };
/* End PBXBuildFile section */

/* Begin PBXFileReference section */
		52DEFE3A2339124E005B3464 /* Electricity Calculator.app */ = {isa = PBXFileReference; explicitFileType = wrapper.application; includeInIndex = 0; path = "Electricity Calculator.app"; sourceTree = BUILT_PRODUCTS_DIR; };
		52DEFE3D2339124E005B3464 /* AppDelegate.swift */ = {isa = PBXFileReference; lastKnownFileType = sourcecode.swift; path = AppDelegate.swift; sourceTree = "<group>"; };
		52DEFE3F2339124E005B3464 /* ViewController.swift */ = {isa = PBXFileReference; lastKnownFileType = sourcecode.swift; path = ViewController.swift; sourceTree = "<group>"; };
		52DEFE422339124E005B3464 /* Base */ = {isa = PBXFileReference; lastKnownFileType = file.storyboard; name = Base; path = Base.lproj/Main.storyboard; sourceTree = "<group>"; };
		52DEFE472339124F005B3464 /* Base */ = {isa = PBXFileReference; lastKnownFileType = file.storyboard; name = Base; path = Base.lproj/LaunchScreen.storyboard; sourceTree = "<group>"; };
		52DEFE492339124F005B3464 /* Info.plist */ = {isa = PBXFileReference; lastKnownFileType = text.plist.xml; path = Info.plist; sourceTree = "<group>"; };
		52DEFE4F23391F7E005B3464 /* UnitDataTableViewCell.swift */ = {isa = PBXFileReference; lastKnownFileType = sourcecode.swift; path = UnitDataTableViewCell.swift; sourceTree = "<group>"; };
		52E86729233E46DF00641945 /* Assets 3.xcassets */ = {isa = PBXFileReference; lastKnownFileType = folder.assetcatalog; path = "Assets 3.xcassets"; sourceTree = "<group>"; };
/* End PBXFileReference section */

/* Begin PBXFrameworksBuildPhase section */
		52DEFE372339124E005B3464 /* Frameworks */ = {
			isa = PBXFrameworksBuildPhase;
			buildActionMask = 2147483647;
			files = (
			);
			runOnlyForDeploymentPostprocessing = 0;
		};
/* End PBXFrameworksBuildPhase section */

/* Begin PBXGroup section */
		52DEFE312339124E005B3464 = {
			isa = PBXGroup;
			children = (
				52DEFE3C2339124E005B3464 /* Electricity Calculator */,
				52DEFE3B2339124E005B3464 /* Products */,
			);
			sourceTree = "<group>";
		};
		52DEFE3B2339124E005B3464 /* Products */ = {
			isa = PBXGroup;
			children = (
				52DEFE3A2339124E005B3464 /* Electricity Calculator.app */,
			);
			name = Products;
			sourceTree = "<group>";
		};
		52DEFE3C2339124E005B3464 /* Electricity Calculator */ = {
			isa = PBXGroup;
			children = (
				52DEFE3D2339124E005B3464 /* AppDelegate.swift */,
				52DEFE3F2339124E005B3464 /* ViewController.swift */,
				52E86729233E46DF00641945 /* Assets 3.xcassets */,
				52DEFE412339124E005B3464 /* Main.storyboard */,
				52DEFE462339124F005B3464 /* LaunchScreen.storyboard */,
				52DEFE492339124F005B3464 /* Info.plist */,
				52DEFE4F23391F7E005B3464 /* UnitDataTableViewCell.swift */,
			);
			path = "Electricity Calculator";
			sourceTree = "<group>";
		};
/* End PBXGroup section */

/* Begin PBXNativeTarget section */
		52DEFE392339124E005B3464 /* Electricity Calculator */ = {
			isa = PBXNativeTarget;
			buildConfigurationList = 52DEFE4C2339124F005B3464 /* Build configuration list for PBXNativeTarget "Electricity Calculator" */;
			buildPhases = (
				52DEFE362339124E005B3464 /* Sources */,
				52DEFE372339124E005B3464 /* Frameworks */,
				52DEFE382339124E005B3464 /* Resources */,
			);
			buildRules = (
			);
			dependencies = (
			);
			name = "Electricity Calculator";
			productName = "Electricity Calculator";
			productReference = 52DEFE3A2339124E005B3464 /* Electricity Calculator.app */;
			productType = "com.apple.product-type.application";
		};
/* End PBXNativeTarget section */

/* Begin PBXProject section */
		52DEFE322339124E005B3464 /* Project object */ = {
			isa = PBXProject;
			attributes = {
				LastSwiftUpdateCheck = 1010;
				LastUpgradeCheck = 1010;
				ORGANIZATIONNAME = "Hnin Yi San";
				TargetAttributes = {
					52DEFE392339124E005B3464 = {
						CreatedOnToolsVersion = 10.1;
					};
				};
			};
			buildConfigurationList = 52DEFE352339124E005B3464 /* Build configuration list for PBXProject "Electricity Calculator" */;
			compatibilityVersion = "Xcode 9.3";
			developmentRegion = en;
			hasScannedForEncodings = 0;
			knownRegions = (
				en,
				Base,
			);
			mainGroup = 52DEFE312339124E005B3464;
			productRefGroup = 52DEFE3B2339124E005B3464 /* Products */;
			projectDirPath = "";
			projectRoot = "";
			targets = (
				52DEFE392339124E005B3464 /* Electricity Calculator */,
			);
		};
/* End PBXProject section */

/* Begin PBXResourcesBuildPhase section */
		52DEFE382339124E005B3464 /* Resources */ = {
			isa = PBXResourcesBuildPhase;
			buildActionMask = 2147483647;
			files = (
				52DEFE482339124F005B3464 /* LaunchScreen.storyboard in Resources */,
				52DEFE432339124E005B3464 /* Main.storyboard in Resources */,
				52E8672A233E46DF00641945 /* Assets 3.xcassets in Resources */,
			);
			runOnlyForDeploymentPostprocessing = 0;
		};
/* End PBXResourcesBuildPhase section */

/* Begin PBXSourcesBuildPhase section */
		52DEFE362339124E005B3464 /* Sources */ = {
			isa = PBXSourcesBuildPhase;
			buildActionMask = 2147483647;
			files = (
				52DEFE402339124E005B3464 /* ViewController.swift in Sources */,
				52DEFE3E2339124E005B3464 /* AppDelegate.swift in Sources */,
				52DEFE5023391F7E005B3464 /* UnitDataTableViewCell.swift in Sources */,
			);
			runOnlyForDeploymentPostprocessing = 0;
		};
/* End PBXSourcesBuildPhase section */

/* Begin PBXVariantGroup section */
		52DEFE412339124E005B3464 /* Main.storyboard */ = {
			isa = PBXVariantGroup;
			children = (
				52DEFE422339124E005B3464 /* Base */,
			);
			name = Main.storyboard;
			sourceTree = "<group>";
		};
		52DEFE462339124F005B3464 /* LaunchScreen.storyboard */ = {
			isa = PBXVariantGroup;
			children = (
				52DEFE472339124F005B3464 /* Base */,
			);
			name = LaunchScreen.storyboard;
			sourceTree = "<group>";
		};
/* End PBXVariantGroup section */

/* Begin XCBuildConfiguration section */
		52DEFE4A2339124F005B3464 /* Debug */ = {
			isa = XCBuildConfiguration;
			buildSettings = {
				ALWAYS_SEARCH_USER_PATHS = NO;
				CLANG_ANALYZER_NONNULL = YES;
				CLANG_ANALYZER_NUMBER_OBJECT_CONVERSION = YES_AGGRESSIVE;
				CLANG_CXX_LANGUAGE_STANDARD = "gnu++14";
				CLANG_CXX_LIBRARY = "libc++";
				CLANG_ENABLE_MODULES = YES;
				CLANG_ENABLE_OBJC_ARC = YES;
				CLANG_ENABLE_OBJC_WEAK = YES;
				CLANG_WARN_BLOCK_CAPTURE_AUTORELEASING = YES;
				CLANG_WARN_BOOL_CONVERSION = YES;
				CLANG_WARN_COMMA = YES;
				CLANG_WARN_CONSTANT_CONVERSION = YES;
				CLANG_WARN_DEPRECATED_OBJC_IMPLEMENTATIONS = YES;
				CLANG_WARN_DIRECT_OBJC_ISA_USAGE = YES_ERROR;
				CLANG_WARN_DOCUMENTATION_COMMENTS = YES;
				CLANG_WARN_EMPTY_BODY = YES;
				CLANG_WARN_ENUM_CONVERSION = YES;
				CLANG_WARN_INFINITE_RECURSION = YES;
				CLANG_WARN_INT_CONVERSION = YES;
				CLANG_WARN_NON_LITERAL_NULL_CONVERSION = YES;
				CLANG_WARN_OBJC_IMPLICIT_RETAIN_SELF = YES;
				CLANG_WARN_OBJC_LITERAL_CONVERSION = YES;
				CLANG_WARN_OBJC_ROOT_CLASS = YES_ERROR;
				CLANG_WARN_RANGE_LOOP_ANALYSIS = YES;
				CLANG_WARN_STRICT_PROTOTYPES = YES;
				CLANG_WARN_SUSPICIOUS_MOVE = YES;
				CLANG_WARN_UNGUARDED_AVAILABILITY = YES_AGGRESSIVE;
				CLANG_WARN_UNREACHABLE_CODE = YES;
				CLANG_WARN__DUPLICATE_METHOD_MATCH = YES;
				CODE_SIGN_IDENTITY = "iPhone Developer";
				COPY_PHASE_STRIP = NO;
				DEBUG_INFORMATION_FORMAT = dwarf;
				ENABLE_STRICT_OBJC_MSGSEND = YES;
				ENABLE_TESTABILITY = YES;
				GCC_C_LANGUAGE_STANDARD = gnu11;
				GCC_DYNAMIC_NO_PIC = NO;
				GCC_NO_COMMON_BLOCKS = YES;
				GCC_OPTIMIZATION_LEVEL = 0;
				GCC_PREPROCESSOR_DEFINITIONS = (
					"DEBUG=1",
					"$(inherited)",
				);
				GCC_WARN_64_TO_32_BIT_CONVERSION = YES;
				GCC_WARN_ABOUT_RETURN_TYPE = YES_ERROR;
				GCC_WARN_UNDECLARED_SELECTOR = YES;
				GCC_WARN_UNINITIALIZED_AUTOS = YES_AGGRESSIVE;
				GCC_WARN_UNUSED_FUNCTION = YES;
				GCC_WARN_UNUSED_VARIABLE = YES;
				IPHONEOS_DEPLOYMENT_TARGET = 12.1;
				MTL_ENABLE_DEBUG_INFO = INCLUDE_SOURCE;
				MTL_FAST_MATH = YES;
				ONLY_ACTIVE_ARCH = YES;
				SDKROOT = iphoneos;
				SWIFT_ACTIVE_COMPILATION_CONDITIONS = DEBUG;
				SWIFT_OPTIMIZATION_LEVEL = "-Onone";
			};
			name = Debug;
		};
		52DEFE4B2339124F005B3464 /* Release */ = {
			isa = XCBuildConfiguration;
			buildSettings = {
				ALWAYS_SEARCH_USER_PATHS = NO;
				CLANG_ANALYZER_NONNULL = YES;
				CLANG_ANALYZER_NUMBER_OBJECT_CONVERSION = YES_AGGRESSIVE;
				CLANG_CXX_LANGUAGE_STANDARD = "gnu++14";
				CLANG_CXX_LIBRARY = "libc++";
				CLANG_ENABLE_MODULES = YES;
				CLANG_ENABLE_OBJC_ARC = YES;
				CLANG_ENABLE_OBJC_WEAK = YES;
				CLANG_WARN_BLOCK_CAPTURE_AUTORELEASING = YES;
				CLANG_WARN_BOOL_CONVERSION = YES;
				CLANG_WARN_COMMA = YES;
				CLANG_WARN_CONSTANT_CONVERSION = YES;
				CLANG_WARN_DEPRECATED_OBJC_IMPLEMENTATIONS = YES;
				CLANG_WARN_DIRECT_OBJC_ISA_USAGE = YES_ERROR;
				CLANG_WARN_DOCUMENTATION_COMMENTS = YES;
				CLANG_WARN_EMPTY_BODY = YES;
				CLANG_WARN_ENUM_CONVERSION = YES;
				CLANG_WARN_INFINITE_RECURSION = YES;
				CLANG_WARN_INT_CONVERSION = YES;
				CLANG_WARN_NON_LITERAL_NULL_CONVERSION = YES;
				CLANG_WARN_OBJC_IMPLICIT_RETAIN_SELF = YES;
				CLANG_WARN_OBJC_LITERAL_CONVERSION = YES;
				CLANG_WARN_OBJC_ROOT_CLASS = YES_ERROR;
				CLANG_WARN_RANGE_LOOP_ANALYSIS = YES;
				CLANG_WARN_STRICT_PROTOTYPES = YES;
				CLANG_WARN_SUSPICIOUS_MOVE = YES;
				CLANG_WARN_UNGUARDED_AVAILABILITY = YES_AGGRESSIVE;
				CLANG_WARN_UNREACHABLE_CODE = YES;
				CLANG_WARN__DUPLICATE_METHOD_MATCH = YES;
				CODE_SIGN_IDENTITY = "iPhone Developer";
				COPY_PHASE_STRIP = NO;
				DEBUG_INFORMATION_FORMAT = "dwarf-with-dsym";
				ENABLE_NS_ASSERTIONS = NO;
				ENABLE_STRICT_OBJC_MSGSEND = YES;
				GCC_C_LANGUAGE_STANDARD = gnu11;
				GCC_NO_COMMON_BLOCKS = YES;
				GCC_WARN_64_TO_32_BIT_CONVERSION = YES;
				GCC_WARN_ABOUT_RETURN_TYPE = YES_ERROR;
				GCC_WARN_UNDECLARED_SELECTOR = YES;
				GCC_WARN_UNINITIALIZED_AUTOS = YES_AGGRESSIVE;
				GCC_WARN_UNUSED_FUNCTION = YES;
				GCC_WARN_UNUSED_VARIABLE = YES;
				IPHONEOS_DEPLOYMENT_TARGET = 12.1;
				MTL_ENABLE_DEBUG_INFO = NO;
				MTL_FAST_MATH = YES;
				SDKROOT = iphoneos;
				SWIFT_COMPILATION_MODE = wholemodule;
				SWIFT_OPTIMIZATION_LEVEL = "-O";
				VALIDATE_PRODUCT = YES;
			};
			name = Release;
		};
		52DEFE4D2339124F005B3464 /* Debug */ = {
			isa = XCBuildConfiguration;
			buildSettings = {
				ASSETCATALOG_COMPILER_APPICON_NAME = AppIcon;
				CODE_SIGN_STYLE = Automatic;
				DEVELOPMENT_TEAM = CAYCGR5C8C;
				INFOPLIST_FILE = "Electricity Calculator/Info.plist";
				LD_RUNPATH_SEARCH_PATHS = (
					"$(inherited)",
					"@executable_path/Frameworks",
				);
				PRODUCT_BUNDLE_IDENTIFIER = "testingios2019june.Electricity-Calculator";
				PRODUCT_NAME = "$(TARGET_NAME)";
				SWIFT_VERSION = 4.2;
				TARGETED_DEVICE_FAMILY = "1,2";
			};
			name = Debug;
		};
		52DEFE4E2339124F005B3464 /* Release */ = {
			isa = XCBuildConfiguration;
			buildSettings = {
				ASSETCATALOG_COMPILER_APPICON_NAME = AppIcon;
				CODE_SIGN_STYLE = Automatic;
				DEVELOPMENT_TEAM = CAYCGR5C8C;
				INFOPLIST_FILE = "Electricity Calculator/Info.plist";
				LD_RUNPATH_SEARCH_PATHS = (
					"$(inherited)",
					"@executable_path/Frameworks",
				);
				PRODUCT_BUNDLE_IDENTIFIER = "testingios2019june.Electricity-Calculator";
				PRODUCT_NAME = "$(TARGET_NAME)";
				SWIFT_VERSION = 4.2;
				TARGETED_DEVICE_FAMILY = "1,2";
			};
			name = Release;
		};
/* End XCBuildConfiguration section */

/* Begin XCConfigurationList section */
		52DEFE352339124E005B3464 /* Build configuration list for PBXProject "Electricity Calculator" */ = {
			isa = XCConfigurationList;
			buildConfigurations = (
				52DEFE4A2339124F005B3464 /* Debug */,
				52DEFE4B2339124F005B3464 /* Release */,
			);
			defaultConfigurationIsVisible = 0;
			defaultConfigurationName = Release;
		};
		52DEFE4C2339124F005B3464 /* Build configuration list for PBXNativeTarget "Electricity Calculator" */ = {
			isa = XCConfigurationList;
			buildConfigurations = (
				52DEFE4D2339124F005B3464 /* Debug */,
				52DEFE4E2339124F005B3464 /* Release */,
			);
			defaultConfigurationIsVisible = 0;
			defaultConfigurationName = Release;
		};
/* End XCConfigurationList section */
	};
	rootObject = 52DEFE322339124E005B3464 /* Project object */;
}
